
Microsoft Visual Studio Solution File, Format Version 12.00
# Visual Studio Version 17
VisualStudioVersion = 17.9.34622.214
MinimumVisualStudioVersion = 10.0.40219.1
Project("{FAE04EC0-301F-11D3-BF4B-00C04F79EFBC}") = "PM2E2GRUPO1ASPCORE", "PM2E2GRUPO1ASPCORE.csproj", "{623B57F6-36A6-496D-8CAB-F82FA99A21B1}"
EndProject
Global
	GlobalSection(SolutionConfigurationPlatforms) = preSolution
		Debug|Any CPU = Debug|Any CPU
		Release|Any CPU = Release|Any CPU
	EndGlobalSection
	GlobalSection(ProjectConfigurationPlatforms) = postSolution
		{623B57F6-36A6-496D-8CAB-F82FA99A21B1}.Debug|Any CPU.ActiveCfg = Debug|Any CPU
		{623B57F6-36A6-496D-8CAB-F82FA99A21B1}.Debug|Any CPU.Build.0 = Debug|Any CPU
		{623B57F6-36A6-496D-8CAB-F82FA99A21B1}.Release|Any CPU.ActiveCfg = Release|Any CPU
		{623B57F6-36A6-496D-8CAB-F82FA99A21B1}.Release|Any CPU.Build.0 = Release|Any CPU
	EndGlobalSection
	GlobalSection(SolutionProperties) = preSolution
		HideSolutionNode = FALSE
	EndGlobalSection
	GlobalSection(ExtensibilityGlobals) = postSolution
		SolutionGuid = {2CE59EC7-3866-4491-846D-FB63510DF4FE}
	EndGlobalSection
EndGlobal
